
Microsoft Visual Studio Solution File, Format Version 12.00
# Visual Studio 15
Project("{FAE04EC0-301F-11D3-BF4B-00C04F79EFBC}") = "Assembly-CSharp", "Assembly-CSharp.csproj", "{C312570F-D765-5399-750B-BFA942AF3594}"
EndProject
Project("{FAE04EC0-301F-11D3-BF4B-00C04F79EFBC}") = "Assembly-CSharp-Editor", "Assembly-CSharp-Editor.csproj", "{0AC6D569-19D1-5226-9A35-344C155A427E}"
EndProject
Global
	GlobalSection(SolutionConfigurationPlatforms) = preSolution
		Debug|Any CPU = Debug|Any CPU
		Release|Any CPU = Release|Any CPU
	EndGlobalSection
	GlobalSection(ProjectConfigurationPlatforms) = postSolution
		{C312570F-D765-5399-750B-BFA942AF3594}.Debug|Any CPU.ActiveCfg = Debug|Any CPU
		{C312570F-D765-5399-750B-BFA942AF3594}.Debug|Any CPU.Build.0 = Debug|Any CPU
		{C312570F-D765-5399-750B-BFA942AF3594}.Release|Any CPU.ActiveCfg = Release|Any CPU
		{C312570F-D765-5399-750B-BFA942AF3594}.Release|Any CPU.Build.0 = Release|Any CPU
		{0AC6D569-19D1-5226-9A35-344C155A427E}.Debug|Any CPU.ActiveCfg = Debug|Any CPU
		{0AC6D569-19D1-5226-9A35-344C155A427E}.Debug|Any CPU.Build.0 = Debug|Any CPU
		{0AC6D569-19D1-5226-9A35-344C155A427E}.Release|Any CPU.ActiveCfg = Release|Any CPU
		{0AC6D569-19D1-5226-9A35-344C155A427E}.Release|Any CPU.Build.0 = Release|Any CPU
	EndGlobalSection
	GlobalSection(SolutionProperties) = preSolution
		HideSolutionNode = FALSE
	EndGlobalSection
EndGlobal
